// !$*UTF8*$!
{
	archiveVersion = 1;
	classes = {
	};
	objectVersion = 46;
	objects = {

/* Begin PBXBuildFile section */
		642CFB891A96BD650030A733 /* main.m in Sources */ = {isa = PBXBuildFile; fileRef = 642CFB881A96BD650030A733 /* main.m */; };
		642CFB8C1A96BD650030A733 /* AppDelegate.m in Sources */ = {isa = PBXBuildFile; fileRef = 642CFB8B1A96BD650030A733 /* AppDelegate.m */; };
		642CFB8F1A96BD650030A733 /* tragos.xcdatamodeld in Sources */ = {isa = PBXBuildFile; fileRef = 642CFB8D1A96BD650030A733 /* tragos.xcdatamodeld */; };
		642CFB951A96BD650030A733 /* Main.storyboard in Resources */ = {isa = PBXBuildFile; fileRef = 642CFB931A96BD650030A733 /* Main.storyboard */; };
		642CFB971A96BD650030A733 /* Images.xcassets in Resources */ = {isa = PBXBuildFile; fileRef = 642CFB961A96BD650030A733 /* Images.xcassets */; };
		642CFB9A1A96BD650030A733 /* LaunchScreen.xib in Resources */ = {isa = PBXBuildFile; fileRef = 642CFB981A96BD650030A733 /* LaunchScreen.xib */; };
		642CFBA61A96BD650030A733 /* tragosTests.m in Sources */ = {isa = PBXBuildFile; fileRef = 642CFBA51A96BD650030A733 /* tragosTests.m */; };
		642CFBB61A96BDD10030A733 /* Bolts.framework in Frameworks */ = {isa = PBXBuildFile; fileRef = 642CFBB11A96BDD10030A733 /* Bolts.framework */; };
		642CFBB71A96BDD10030A733 /* Parse.framework in Frameworks */ = {isa = PBXBuildFile; fileRef = 642CFBB21A96BDD10030A733 /* Parse.framework */; };
		642CFBB81A96BDD10030A733 /* ParseCrashReporting.framework in Frameworks */ = {isa = PBXBuildFile; fileRef = 642CFBB31A96BDD10030A733 /* ParseCrashReporting.framework */; };
		642CFBB91A96BDD10030A733 /* ParseFacebookUtils.framework in Frameworks */ = {isa = PBXBuildFile; fileRef = 642CFBB41A96BDD10030A733 /* ParseFacebookUtils.framework */; };
		642CFBBA1A96BDD10030A733 /* ParseUI.framework in Frameworks */ = {isa = PBXBuildFile; fileRef = 642CFBB51A96BDD10030A733 /* ParseUI.framework */; };
		642CFBBC1A96BDE30030A733 /* AudioToolbox.framework in Frameworks */ = {isa = PBXBuildFile; fileRef = 642CFBBB1A96BDE30030A733 /* AudioToolbox.framework */; };
		642CFBBE1A96BDEC0030A733 /* CFNetwork.framework in Frameworks */ = {isa = PBXBuildFile; fileRef = 642CFBBD1A96BDEC0030A733 /* CFNetwork.framework */; };
		642CFBC01A96BDF70030A733 /* CoreGraphics.framework in Frameworks */ = {isa = PBXBuildFile; fileRef = 642CFBBF1A96BDF70030A733 /* CoreGraphics.framework */; };
		642CFBC21A96BE030030A733 /* CoreLocation.framework in Frameworks */ = {isa = PBXBuildFile; fileRef = 642CFBC11A96BE030030A733 /* CoreLocation.framework */; };
		642CFBC41A96BE0C0030A733 /* MobileCoreServices.framework in Frameworks */ = {isa = PBXBuildFile; fileRef = 642CFBC31A96BE0C0030A733 /* MobileCoreServices.framework */; };
		642CFBC61A96BE150030A733 /* QuartzCore.framework in Frameworks */ = {isa = PBXBuildFile; fileRef = 642CFBC51A96BE150030A733 /* QuartzCore.framework */; };
		642CFBC81A96BE2D0030A733 /* Security.framework in Frameworks */ = {isa = PBXBuildFile; fileRef = 642CFBC71A96BE2D0030A733 /* Security.framework */; };
		642CFBCA1A96BE360030A733 /* StoreKit.framework in Frameworks */ = {isa = PBXBuildFile; fileRef = 642CFBC91A96BE360030A733 /* StoreKit.framework */; };
		642CFBCC1A96BE440030A733 /* SystemConfiguration.framework in Frameworks */ = {isa = PBXBuildFile; fileRef = 642CFBCB1A96BE440030A733 /* SystemConfiguration.framework */; };
		642CFBCE1A96BE6E0030A733 /* libz.dylib in Frameworks */ = {isa = PBXBuildFile; fileRef = 642CFBCD1A96BE6E0030A733 /* libz.dylib */; };
		642CFBD01A96BE7A0030A733 /* libsqlite3.dylib in Frameworks */ = {isa = PBXBuildFile; fileRef = 642CFBCF1A96BE7A0030A733 /* libsqlite3.dylib */; };
		642CFBD31A96C1B10030A733 /* inicio.m in Sources */ = {isa = PBXBuildFile; fileRef = 642CFBD21A96C1B10030A733 /* inicio.m */; };
		642CFBD61A96C94C0030A733 /* nuevo.m in Sources */ = {isa = PBXBuildFile; fileRef = 642CFBD51A96C94C0030A733 /* nuevo.m */; };
		642CFBD91A96CCF00030A733 /* fondo.jpg in Resources */ = {isa = PBXBuildFile; fileRef = 642CFBD81A96CCF00030A733 /* fondo.jpg */; };
		642CFBDC1A96DC600030A733 /* barCell.m in Sources */ = {isa = PBXBuildFile; fileRef = 642CFBDB1A96DC600030A733 /* barCell.m */; };
/* End PBXBuildFile section */

/* Begin PBXContainerItemProxy section */
		642CFBA01A96BD650030A733 /* PBXContainerItemProxy */ = {
			isa = PBXContainerItemProxy;
			containerPortal = 642CFB7B1A96BD650030A733 /* Project object */;
			proxyType = 1;
			remoteGlobalIDString = 642CFB821A96BD650030A733;
			remoteInfo = tragos;
		};
/* End PBXContainerItemProxy section */

/* Begin PBXFileReference section */
		642CFB831A96BD650030A733 /* tragos.app */ = {isa = PBXFileReference; explicitFileType = wrapper.application; includeInIndex = 0; path = tragos.app; sourceTree = BUILT_PRODUCTS_DIR; };
		642CFB871A96BD650030A733 /* Info.plist */ = {isa = PBXFileReference; lastKnownFileType = text.plist.xml; path = Info.plist; sourceTree = "<group>"; };
		642CFB881A96BD650030A733 /* main.m */ = {isa = PBXFileReference; lastKnownFileType = sourcecode.c.objc; path = main.m; sourceTree = "<group>"; };
		642CFB8A1A96BD650030A733 /* AppDelegate.h */ = {isa = PBXFileReference; lastKnownFileType = sourcecode.c.h; path = AppDelegate.h; sourceTree = "<group>"; };
		642CFB8B1A96BD650030A733 /* AppDelegate.m */ = {isa = PBXFileReference; lastKnownFileType = sourcecode.c.objc; path = AppDelegate.m; sourceTree = "<group>"; };
		642CFB8E1A96BD650030A733 /* tragos.xcdatamodel */ = {isa = PBXFileReference; lastKnownFileType = wrapper.xcdatamodel; path = tragos.xcdatamodel; sourceTree = "<group>"; };
		642CFB941A96BD650030A733 /* Base */ = {isa = PBXFileReference; lastKnownFileType = file.storyboard; name = Base; path = Base.lproj/Main.storyboard; sourceTree = "<group>"; };
		642CFB961A96BD650030A733 /* Images.xcassets */ = {isa = PBXFileReference; lastKnownFileType = folder.assetcatalog; path = Images.xcassets; sourceTree = "<group>"; };
		642CFB991A96BD650030A733 /* Base */ = {isa = PBXFileReference; lastKnownFileType = file.xib; name = Base; path = Base.lproj/LaunchScreen.xib; sourceTree = "<group>"; };
		642CFB9F1A96BD650030A733 /* tragosTests.xctest */ = {isa = PBXFileReference; explicitFileType = wrapper.cfbundle; includeInIndex = 0; path = tragosTests.xctest; sourceTree = BUILT_PRODUCTS_DIR; };
		642CFBA41A96BD650030A733 /* Info.plist */ = {isa = PBXFileReference; lastKnownFileType = text.plist.xml; path = Info.plist; sourceTree = "<group>"; };
		642CFBA51A96BD650030A733 /* tragosTests.m */ = {isa = PBXFileReference; lastKnownFileType = sourcecode.c.objc; path = tragosTests.m; sourceTree = "<group>"; };
		642CFBB11A96BDD10030A733 /* Bolts.framework */ = {isa = PBXFileReference; lastKnownFileType = wrapper.framework; path = Bolts.framework; sourceTree = "<group>"; };
		642CFBB21A96BDD10030A733 /* Parse.framework */ = {isa = PBXFileReference; lastKnownFileType = wrapper.framework; path = Parse.framework; sourceTree = "<group>"; };
		642CFBB31A96BDD10030A733 /* ParseCrashReporting.framework */ = {isa = PBXFileReference; lastKnownFileType = wrapper.framework; path = ParseCrashReporting.framework; sourceTree = "<group>"; };
		642CFBB41A96BDD10030A733 /* ParseFacebookUtils.framework */ = {isa = PBXFileReference; lastKnownFileType = wrapper.framework; path = ParseFacebookUtils.framework; sourceTree = "<group>"; };
		642CFBB51A96BDD10030A733 /* ParseUI.framework */ = {isa = PBXFileReference; lastKnownFileType = wrapper.framework; path = ParseUI.framework; sourceTree = "<group>"; };
		642CFBBB1A96BDE30030A733 /* AudioToolbox.framework */ = {isa = PBXFileReference; lastKnownFileType = wrapper.framework; name = AudioToolbox.framework; path = System/Library/Frameworks/AudioToolbox.framework; sourceTree = SDKROOT; };
		642CFBBD1A96BDEC0030A733 /* CFNetwork.framework */ = {isa = PBXFileReference; lastKnownFileType = wrapper.framework; name = CFNetwork.framework; path = System/Library/Frameworks/CFNetwork.framework; sourceTree = SDKROOT; };
		642CFBBF1A96BDF70030A733 /* CoreGraphics.framework */ = {isa = PBXFileReference; lastKnownFileType = wrapper.framework; name = CoreGraphics.framework; path = System/Library/Frameworks/CoreGraphics.framework; sourceTree = SDKROOT; };
		642CFBC11A96BE030030A733 /* CoreLocation.framework */ = {isa = PBXFileReference; lastKnownFileType = wrapper.framework; name = CoreLocation.framework; path = System/Library/Frameworks/CoreLocation.framework; sourceTree = SDKROOT; };
		642CFBC31A96BE0C0030A733 /* MobileCoreServices.framework */ = {isa = PBXFileReference; lastKnownFileType = wrapper.framework; name = MobileCoreServices.framework; path = System/Library/Frameworks/MobileCoreServices.framework; sourceTree = SDKROOT; };
		642CFBC51A96BE150030A733 /* QuartzCore.framework */ = {isa = PBXFileReference; lastKnownFileType = wrapper.framework; name = QuartzCore.framework; path = System/Library/Frameworks/QuartzCore.framework; sourceTree = SDKROOT; };
		642CFBC71A96BE2D0030A733 /* Security.framework */ = {isa = PBXFileReference; lastKnownFileType = wrapper.framework; name = Security.framework; path = System/Library/Frameworks/Security.framework; sourceTree = SDKROOT; };
		642CFBC91A96BE360030A733 /* StoreKit.framework */ = {isa = PBXFileReference; lastKnownFileType = wrapper.framework; name = StoreKit.framework; path = System/Library/Frameworks/StoreKit.framework; sourceTree = SDKROOT; };
		642CFBCB1A96BE440030A733 /* SystemConfiguration.framework */ = {isa = PBXFileReference; lastKnownFileType = wrapper.framework; name = SystemConfiguration.framework; path = System/Library/Frameworks/SystemConfiguration.framework; sourceTree = SDKROOT; };
		642CFBCD1A96BE6E0030A733 /* libz.dylib */ = {isa = PBXFileReference; lastKnownFileType = "compiled.mach-o.dylib"; name = libz.dylib; path = usr/lib/libz.dylib; sourceTree = SDKROOT; };
		642CFBCF1A96BE7A0030A733 /* libsqlite3.dylib */ = {isa = PBXFileReference; lastKnownFileType = "compiled.mach-o.dylib"; name = libsqlite3.dylib; path = usr/lib/libsqlite3.dylib; sourceTree = SDKROOT; };
		642CFBD11A96C1B10030A733 /* inicio.h */ = {isa = PBXFileReference; fileEncoding = 4; lastKnownFileType = sourcecode.c.h; path = inicio.h; sourceTree = "<group>"; };
		642CFBD21A96C1B10030A733 /* inicio.m */ = {isa = PBXFileReference; fileEncoding = 4; lastKnownFileType = sourcecode.c.objc; path = inicio.m; sourceTree = "<group>"; };
		642CFBD41A96C94C0030A733 /* nuevo.h */ = {isa = PBXFileReference; fileEncoding = 4; lastKnownFileType = sourcecode.c.h; path = nuevo.h; sourceTree = "<group>"; };
		642CFBD51A96C94C0030A733 /* nuevo.m */ = {isa = PBXFileReference; fileEncoding = 4; lastKnownFileType = sourcecode.c.objc; path = nuevo.m; sourceTree = "<group>"; };
		642CFBD81A96CCF00030A733 /* fondo.jpg */ = {isa = PBXFileReference; lastKnownFileType = image.jpeg; path = fondo.jpg; sourceTree = "<group>"; };
		642CFBDA1A96DC600030A733 /* barCell.h */ = {isa = PBXFileReference; fileEncoding = 4; lastKnownFileType = sourcecode.c.h; path = barCell.h; sourceTree = "<group>"; };
		642CFBDB1A96DC600030A733 /* barCell.m */ = {isa = PBXFileReference; fileEncoding = 4; lastKnownFileType = sourcecode.c.objc; path = barCell.m; sourceTree = "<group>"; };
/* End PBXFileReference section */

/* Begin PBXFrameworksBuildPhase section */
		642CFB801A96BD650030A733 /* Frameworks */ = {
			isa = PBXFrameworksBuildPhase;
			buildActionMask = 2147483647;
			files = (
				642CFBD01A96BE7A0030A733 /* libsqlite3.dylib in Frameworks */,
				642CFBCE1A96BE6E0030A733 /* libz.dylib in Frameworks */,
				642CFBCC1A96BE440030A733 /* SystemConfiguration.framework in Frameworks */,
				642CFBCA1A96BE360030A733 /* StoreKit.framework in Frameworks */,
				642CFBC81A96BE2D0030A733 /* Security.framework in Frameworks */,
				642CFBC61A96BE150030A733 /* QuartzCore.framework in Frameworks */,
				642CFBC41A96BE0C0030A733 /* MobileCoreServices.framework in Frameworks */,
				642CFBC21A96BE030030A733 /* CoreLocation.framework in Frameworks */,
				642CFBC01A96BDF70030A733 /* CoreGraphics.framework in Frameworks */,
				642CFBBE1A96BDEC0030A733 /* CFNetwork.framework in Frameworks */,
				642CFBBC1A96BDE30030A733 /* AudioToolbox.framework in Frameworks */,
				642CFBB71A96BDD10030A733 /* Parse.framework in Frameworks */,
				642CFBB81A96BDD10030A733 /* ParseCrashReporting.framework in Frameworks */,
				642CFBBA1A96BDD10030A733 /* ParseUI.framework in Frameworks */,
				642CFBB91A96BDD10030A733 /* ParseFacebookUtils.framework in Frameworks */,
				642CFBB61A96BDD10030A733 /* Bolts.framework in Frameworks */,
			);
			runOnlyForDeploymentPostprocessing = 0;
		};
		642CFB9C1A96BD650030A733 /* Frameworks */ = {
			isa = PBXFrameworksBuildPhase;
			buildActionMask = 2147483647;
			files = (
			);
			runOnlyForDeploymentPostprocessing = 0;
		};
/* End PBXFrameworksBuildPhase section */

/* Begin PBXGroup section */
		642CFB7A1A96BD650030A733 = {
			isa = PBXGroup;
			children = (
				642CFBDE1A96DC7F0030A733 /* NuevoView */,
				642CFBDD1A96DC6B0030A733 /* Modelos */,
				642CFBD71A96CCF00030A733 /* img */,
				642CFBAF1A96BDBC0030A733 /* Frameworks */,
				642CFB851A96BD650030A733 /* tragos */,
				642CFBA21A96BD650030A733 /* tragosTests */,
				642CFB841A96BD650030A733 /* Products */,
			);
			sourceTree = "<group>";
		};
		642CFB841A96BD650030A733 /* Products */ = {
			isa = PBXGroup;
			children = (
				642CFB831A96BD650030A733 /* tragos.app */,
				642CFB9F1A96BD650030A733 /* tragosTests.xctest */,
			);
			name = Products;
			sourceTree = "<group>";
		};
		642CFB851A96BD650030A733 /* tragos */ = {
			isa = PBXGroup;
			children = (
				642CFB8A1A96BD650030A733 /* AppDelegate.h */,
				642CFB8B1A96BD650030A733 /* AppDelegate.m */,
				642CFB931A96BD650030A733 /* Main.storyboard */,
				642CFBD11A96C1B10030A733 /* inicio.h */,
				642CFBD21A96C1B10030A733 /* inicio.m */,
				642CFB961A96BD650030A733 /* Images.xcassets */,
				642CFB981A96BD650030A733 /* LaunchScreen.xib */,
				642CFB8D1A96BD650030A733 /* tragos.xcdatamodeld */,
				642CFB861A96BD650030A733 /* Supporting Files */,
			);
			path = tragos;
			sourceTree = "<group>";
		};
		642CFB861A96BD650030A733 /* Supporting Files */ = {
			isa = PBXGroup;
			children = (
				642CFB871A96BD650030A733 /* Info.plist */,
				642CFB881A96BD650030A733 /* main.m */,
			);
			name = "Supporting Files";
			sourceTree = "<group>";
		};
		642CFBA21A96BD650030A733 /* tragosTests */ = {
			isa = PBXGroup;
			children = (
				642CFBA51A96BD650030A733 /* tragosTests.m */,
				642CFBA31A96BD650030A733 /* Supporting Files */,
			);
			path = tragosTests;
			sourceTree = "<group>";
		};
		642CFBA31A96BD650030A733 /* Supporting Files */ = {
			isa = PBXGroup;
			children = (
				642CFBA41A96BD650030A733 /* Info.plist */,
			);
			name = "Supporting Files";
			sourceTree = "<group>";
		};
		642CFBAF1A96BDBC0030A733 /* Frameworks */ = {
			isa = PBXGroup;
			children = (
				642CFBCF1A96BE7A0030A733 /* libsqlite3.dylib */,
				642CFBCD1A96BE6E0030A733 /* libz.dylib */,
				642CFBCB1A96BE440030A733 /* SystemConfiguration.framework */,
				642CFBC91A96BE360030A733 /* StoreKit.framework */,
				642CFBC71A96BE2D0030A733 /* Security.framework */,
				642CFBC51A96BE150030A733 /* QuartzCore.framework */,
				642CFBC31A96BE0C0030A733 /* MobileCoreServices.framework */,
				642CFBC11A96BE030030A733 /* CoreLocation.framework */,
				642CFBBF1A96BDF70030A733 /* CoreGraphics.framework */,
				642CFBBD1A96BDEC0030A733 /* CFNetwork.framework */,
				642CFBBB1A96BDE30030A733 /* AudioToolbox.framework */,
				642CFBB01A96BDD10030A733 /* parse-library-1.6.2 */,
			);
			name = Frameworks;
			sourceTree = "<group>";
		};
		642CFBB01A96BDD10030A733 /* parse-library-1.6.2 */ = {
			isa = PBXGroup;
			children = (
				642CFBB11A96BDD10030A733 /* Bolts.framework */,
				642CFBB21A96BDD10030A733 /* Parse.framework */,
				642CFBB31A96BDD10030A733 /* ParseCrashReporting.framework */,
				642CFBB41A96BDD10030A733 /* ParseFacebookUtils.framework */,
				642CFBB51A96BDD10030A733 /* ParseUI.framework */,
			);
			path = "parse-library-1.6.2";
			sourceTree = "<group>";
		};
		642CFBD71A96CCF00030A733 /* img */ = {
			isa = PBXGroup;
			children = (
				642CFBD81A96CCF00030A733 /* fondo.jpg */,
			);
			path = img;
			sourceTree = "<group>";
		};
		642CFBDD1A96DC6B0030A733 /* Modelos */ = {
			isa = PBXGroup;
			children = (
				642CFBDA1A96DC600030A733 /* barCell.h */,
				642CFBDB1A96DC600030A733 /* barCell.m */,
			);
			name = Modelos;
			sourceTree = "<group>";
		};
		642CFBDE1A96DC7F0030A733 /* NuevoView */ = {
			isa = PBXGroup;
			children = (
				642CFBD41A96C94C0030A733 /* nuevo.h */,
				642CFBD51A96C94C0030A733 /* nuevo.m */,
			);
			name = NuevoView;
			sourceTree = "<group>";
		};
/* End PBXGroup section */

/* Begin PBXNativeTarget section */
		642CFB821A96BD650030A733 /* tragos */ = {
			isa = PBXNativeTarget;
			buildConfigurationList = 642CFBA91A96BD650030A733 /* Build configuration list for PBXNativeTarget "tragos" */;
			buildPhases = (
				642CFB7F1A96BD650030A733 /* Sources */,
				642CFB801A96BD650030A733 /* Frameworks */,
				642CFB811A96BD650030A733 /* Resources */,
			);
			buildRules = (
			);
			dependencies = (
			);
			name = tragos;
			productName = tragos;
			productReference = 642CFB831A96BD650030A733 /* tragos.app */;
			productType = "com.apple.product-type.application";
		};
		642CFB9E1A96BD650030A733 /* tragosTests */ = {
			isa = PBXNativeTarget;
			buildConfigurationList = 642CFBAC1A96BD650030A733 /* Build configuration list for PBXNativeTarget "tragosTests" */;
			buildPhases = (
				642CFB9B1A96BD650030A733 /* Sources */,
				642CFB9C1A96BD650030A733 /* Frameworks */,
				642CFB9D1A96BD650030A733 /* Resources */,
			);
			buildRules = (
			);
			dependencies = (
				642CFBA11A96BD650030A733 /* PBXTargetDependency */,
			);
			name = tragosTests;
			productName = tragosTests;
			productReference = 642CFB9F1A96BD650030A733 /* tragosTests.xctest */;
			productType = "com.apple.product-type.bundle.unit-test";
		};
/* End PBXNativeTarget section */

/* Begin PBXProject section */
		642CFB7B1A96BD650030A733 /* Project object */ = {
			isa = PBXProject;
			attributes = {
				LastUpgradeCheck = 0610;
				ORGANIZATIONNAME = BTICs;
				TargetAttributes = {
					642CFB821A96BD650030A733 = {
						CreatedOnToolsVersion = 6.1.1;
					};
					642CFB9E1A96BD650030A733 = {
						CreatedOnToolsVersion = 6.1.1;
						TestTargetID = 642CFB821A96BD650030A733;
					};
				};
			};
			buildConfigurationList = 642CFB7E1A96BD650030A733 /* Build configuration list for PBXProject "tragos" */;
			compatibilityVersion = "Xcode 3.2";
			developmentRegion = English;
			hasScannedForEncodings = 0;
			knownRegions = (
				en,
				Base,
			);
			mainGroup = 642CFB7A1A96BD650030A733;
			productRefGroup = 642CFB841A96BD650030A733 /* Products */;
			projectDirPath = "";
			projectRoot = "";
			targets = (
				642CFB821A96BD650030A733 /* tragos */,
				642CFB9E1A96BD650030A733 /* tragosTests */,
			);
		};
/* End PBXProject section */

/* Begin PBXResourcesBuildPhase section */
		642CFB811A96BD650030A733 /* Resources */ = {
			isa = PBXResourcesBuildPhase;
			buildActionMask = 2147483647;
			files = (
				642CFB951A96BD650030A733 /* Main.storyboard in Resources */,
				642CFB9A1A96BD650030A733 /* LaunchScreen.xib in Resources */,
				642CFBD91A96CCF00030A733 /* fondo.jpg in Resources */,
				642CFB971A96BD650030A733 /* Images.xcassets in Resources */,
			);
			runOnlyForDeploymentPostprocessing = 0;
		};
		642CFB9D1A96BD650030A733 /* Resources */ = {
			isa = PBXResourcesBuildPhase;
			buildActionMask = 2147483647;
			files = (
			);
			runOnlyForDeploymentPostprocessing = 0;
		};
/* End PBXResourcesBuildPhase section */

/* Begin PBXSourcesBuildPhase section */
		642CFB7F1A96BD650030A733 /* Sources */ = {
			isa = PBXSourcesBuildPhase;
			buildActionMask = 2147483647;
			files = (
				642CFB8C1A96BD650030A733 /* AppDelegate.m in Sources */,
				642CFBD61A96C94C0030A733 /* nuevo.m in Sources */,
				642CFB8F1A96BD650030A733 /* tragos.xcdatamodeld in Sources */,
				642CFBDC1A96DC600030A733 /* barCell.m in Sources */,
				642CFBD31A96C1B10030A733 /* inicio.m in Sources */,
				642CFB891A96BD650030A733 /* main.m in Sources */,
			);
			runOnlyForDeploymentPostprocessing = 0;
		};
		642CFB9B1A96BD650030A733 /* Sources */ = {
			isa = PBXSourcesBuildPhase;
			buildActionMask = 2147483647;
			files = (
				642CFBA61A96BD650030A733 /* tragosTests.m in Sources */,
			);
			runOnlyForDeploymentPostprocessing = 0;
		};
/* End PBXSourcesBuildPhase section */

/* Begin PBXTargetDependency section */
		642CFBA11A96BD650030A733 /* PBXTargetDependency */ = {
			isa = PBXTargetDependency;
			target = 642CFB821A96BD650030A733 /* tragos */;
			targetProxy = 642CFBA01A96BD650030A733 /* PBXContainerItemProxy */;
		};
/* End PBXTargetDependency section */

/* Begin PBXVariantGroup section */
		642CFB931A96BD650030A733 /* Main.storyboard */ = {
			isa = PBXVariantGroup;
			children = (
				642CFB941A96BD650030A733 /* Base */,
			);
			name = Main.storyboard;
			sourceTree = "<group>";
		};
		642CFB981A96BD650030A733 /* LaunchScreen.xib */ = {
			isa = PBXVariantGroup;
			children = (
				642CFB991A96BD650030A733 /* Base */,
			);
			name = LaunchScreen.xib;
			sourceTree = "<group>";
		};
/* End PBXVariantGroup section */

/* Begin XCBuildConfiguration section */
		642CFBA71A96BD650030A733 /* Debug */ = {
			isa = XCBuildConfiguration;
			buildSettings = {
				ALWAYS_SEARCH_USER_PATHS = NO;
				CLANG_CXX_LANGUAGE_STANDARD = "gnu++0x";
				CLANG_CXX_LIBRARY = "libc++";
				CLANG_ENABLE_MODULES = YES;
				CLANG_ENABLE_OBJC_ARC = YES;
				CLANG_WARN_BOOL_CONVERSION = YES;
				CLANG_WARN_CONSTANT_CONVERSION = YES;
				CLANG_WARN_DIRECT_OBJC_ISA_USAGE = YES_ERROR;
				CLANG_WARN_EMPTY_BODY = YES;
				CLANG_WARN_ENUM_CONVERSION = YES;
				CLANG_WARN_INT_CONVERSION = YES;
				CLANG_WARN_OBJC_ROOT_CLASS = YES_ERROR;
				CLANG_WARN_UNREACHABLE_CODE = YES;
				CLANG_WARN__DUPLICATE_METHOD_MATCH = YES;
				"CODE_SIGN_IDENTITY[sdk=iphoneos*]" = "iPhone Developer";
				COPY_PHASE_STRIP = NO;
				ENABLE_STRICT_OBJC_MSGSEND = YES;
				GCC_C_LANGUAGE_STANDARD = gnu99;
				GCC_DYNAMIC_NO_PIC = NO;
				GCC_OPTIMIZATION_LEVEL = 0;
				GCC_PREPROCESSOR_DEFINITIONS = (
					"DEBUG=1",
					"$(inherited)",
				);
				GCC_SYMBOLS_PRIVATE_EXTERN = NO;
				GCC_WARN_64_TO_32_BIT_CONVERSION = YES;
				GCC_WARN_ABOUT_RETURN_TYPE = YES_ERROR;
				GCC_WARN_UNDECLARED_SELECTOR = YES;
				GCC_WARN_UNINITIALIZED_AUTOS = YES_AGGRESSIVE;
				GCC_WARN_UNUSED_FUNCTION = YES;
				GCC_WARN_UNUSED_VARIABLE = YES;
				IPHONEOS_DEPLOYMENT_TARGET = 8.1;
				MTL_ENABLE_DEBUG_INFO = YES;
				ONLY_ACTIVE_ARCH = YES;
				SDKROOT = iphoneos;
			};
			name = Debug;
		};
		642CFBA81A96BD650030A733 /* Release */ = {
			isa = XCBuildConfiguration;
			buildSettings = {
				ALWAYS_SEARCH_USER_PATHS = NO;
				CLANG_CXX_LANGUAGE_STANDARD = "gnu++0x";
				CLANG_CXX_LIBRARY = "libc++";
				CLANG_ENABLE_MODULES = YES;
				CLANG_ENABLE_OBJC_ARC = YES;
				CLANG_WARN_BOOL_CONVERSION = YES;
				CLANG_WARN_CONSTANT_CONVERSION = YES;
				CLANG_WARN_DIRECT_OBJC_ISA_USAGE = YES_ERROR;
				CLANG_WARN_EMPTY_BODY = YES;
				CLANG_WARN_ENUM_CONVERSION = YES;
				CLANG_WARN_INT_CONVERSION = YES;
				CLANG_WARN_OBJC_ROOT_CLASS = YES_ERROR;
				CLANG_WARN_UNREACHABLE_CODE = YES;
				CLANG_WARN__DUPLICATE_METHOD_MATCH = YES;
				"CODE_SIGN_IDENTITY[sdk=iphoneos*]" = "iPhone Developer";
				COPY_PHASE_STRIP = YES;
				ENABLE_NS_ASSERTIONS = NO;
				ENABLE_STRICT_OBJC_MSGSEND = YES;
				GCC_C_LANGUAGE_STANDARD = gnu99;
				GCC_WARN_64_TO_32_BIT_CONVERSION = YES;
				GCC_WARN_ABOUT_RETURN_TYPE = YES_ERROR;
				GCC_WARN_UNDECLARED_SELECTOR = YES;
				GCC_WARN_UNINITIALIZED_AUTOS = YES_AGGRESSIVE;
				GCC_WARN_UNUSED_FUNCTION = YES;
				GCC_WARN_UNUSED_VARIABLE = YES;
				IPHONEOS_DEPLOYMENT_TARGET = 8.1;
				MTL_ENABLE_DEBUG_INFO = NO;
				SDKROOT = iphoneos;
				VALIDATE_PRODUCT = YES;
			};
			name = Release;
		};
		642CFBAA1A96BD650030A733 /* Debug */ = {
			isa = XCBuildConfiguration;
			buildSettings = {
				ASSETCATALOG_COMPILER_APPICON_NAME = AppIcon;
				FRAMEWORK_SEARCH_PATHS = (
					"$(inherited)",
					"$(PROJECT_DIR)/parse-library-1.6.2",
				);
				INFOPLIST_FILE = tragos/Info.plist;
				LD_RUNPATH_SEARCH_PATHS = "$(inherited) @executable_path/Frameworks";
				PRODUCT_NAME = "$(TARGET_NAME)";
			};
			name = Debug;
		};
		642CFBAB1A96BD650030A733 /* Release */ = {
			isa = XCBuildConfiguration;
			buildSettings = {
				ASSETCATALOG_COMPILER_APPICON_NAME = AppIcon;
				FRAMEWORK_SEARCH_PATHS = (
					"$(inherited)",
					"$(PROJECT_DIR)/parse-library-1.6.2",
				);
				INFOPLIST_FILE = tragos/Info.plist;
				LD_RUNPATH_SEARCH_PATHS = "$(inherited) @executable_path/Frameworks";
				PRODUCT_NAME = "$(TARGET_NAME)";
			};
			name = Release;
		};
		642CFBAD1A96BD650030A733 /* Debug */ = {
			isa = XCBuildConfiguration;
			buildSettings = {
				BUNDLE_LOADER = "$(TEST_HOST)";
				FRAMEWORK_SEARCH_PATHS = (
					"$(SDKROOT)/Developer/Library/Frameworks",
					"$(inherited)",
				);
				GCC_PREPROCESSOR_DEFINITIONS = (
					"DEBUG=1",
					"$(inherited)",
				);
				INFOPLIST_FILE = tragosTests/Info.plist;
				LD_RUNPATH_SEARCH_PATHS = "$(inherited) @executable_path/Frameworks @loader_path/Frameworks";
				PRODUCT_NAME = "$(TARGET_NAME)";
				TEST_HOST = "$(BUILT_PRODUCTS_DIR)/tragos.app/tragos";
			};
			name = Debug;
		};
		642CFBAE1A96BD650030A733 /* Release */ = {
			isa = XCBuildConfiguration;
			buildSettings = {
				BUNDLE_LOADER = "$(TEST_HOST)";
				FRAMEWORK_SEARCH_PATHS = (
					"$(SDKROOT)/Developer/Library/Frameworks",
					"$(inherited)",
				);
				INFOPLIST_FILE = tragosTests/Info.plist;
				LD_RUNPATH_SEARCH_PATHS = "$(inherited) @executable_path/Frameworks @loader_path/Frameworks";
				PRODUCT_NAME = "$(TARGET_NAME)";
				TEST_HOST = "$(BUILT_PRODUCTS_DIR)/tragos.app/tragos";
			};
			name = Release;
		};
/* End XCBuildConfiguration section */

/* Begin XCConfigurationList section */
		642CFB7E1A96BD650030A733 /* Build configuration list for PBXProject "tragos" */ = {
			isa = XCConfigurationList;
			buildConfigurations = (
				642CFBA71A96BD650030A733 /* Debug */,
				642CFBA81A96BD650030A733 /* Release */,
			);
			defaultConfigurationIsVisible = 0;
			defaultConfigurationName = Release;
		};
		642CFBA91A96BD650030A733 /* Build configuration list for PBXNativeTarget "tragos" */ = {
			isa = XCConfigurationList;
			buildConfigurations = (
				642CFBAA1A96BD650030A733 /* Debug */,
				642CFBAB1A96BD650030A733 /* Release */,
			);
			defaultConfigurationIsVisible = 0;
		};
		642CFBAC1A96BD650030A733 /* Build configuration list for PBXNativeTarget "tragosTests" */ = {
			isa = XCConfigurationList;
			buildConfigurations = (
				642CFBAD1A96BD650030A733 /* Debug */,
				642CFBAE1A96BD650030A733 /* Release */,
			);
			defaultConfigurationIsVisible = 0;
		};
/* End XCConfigurationList section */

/* Begin XCVersionGroup section */
		642CFB8D1A96BD650030A733 /* tragos.xcdatamodeld */ = {
			isa = XCVersionGroup;
			children = (
				642CFB8E1A96BD650030A733 /* tragos.xcdatamodel */,
			);
			currentVersion = 642CFB8E1A96BD650030A733 /* tragos.xcdatamodel */;
			path = tragos.xcdatamodeld;
			sourceTree = "<group>";
			versionGroupType = wrapper.xcdatamodel;
		};
/* End XCVersionGroup section */
	};
	rootObject = 642CFB7B1A96BD650030A733 /* Project object */;
}
